
Microsoft Visual Studio Solution File, Format Version 12.00
# Visual Studio Version 16
VisualStudioVersion = 16.0.32126.315
MinimumVisualStudioVersion = 10.0.40219.1
Project("{FAE04EC0-301F-11D3-BF4B-00C04F79EFBC}") = "AS2122_4E_INF_Giacchettimanuel_Palestra", "AS2122_4E_INF_Giacchettimanuel_Palestra\AS2122_4E_INF_Giacchettimanuel_Palestra.csproj", "{095B6B23-2580-4ED5-9773-6C23A2F2139F}"
EndProject
Global
	GlobalSection(SolutionConfigurationPlatforms) = preSolution
		Debug|Any CPU = Debug|Any CPU
		Release|Any CPU = Release|Any CPU
	EndGlobalSection
	GlobalSection(ProjectConfigurationPlatforms) = postSolution
		{095B6B23-2580-4ED5-9773-6C23A2F2139F}.Debug|Any CPU.ActiveCfg = Debug|Any CPU
		{095B6B23-2580-4ED5-9773-6C23A2F2139F}.Debug|Any CPU.Build.0 = Debug|Any CPU
		{095B6B23-2580-4ED5-9773-6C23A2F2139F}.Release|Any CPU.ActiveCfg = Release|Any CPU
		{095B6B23-2580-4ED5-9773-6C23A2F2139F}.Release|Any CPU.Build.0 = Release|Any CPU
	EndGlobalSection
	GlobalSection(SolutionProperties) = preSolution
		HideSolutionNode = FALSE
	EndGlobalSection
	GlobalSection(ExtensibilityGlobals) = postSolution
		SolutionGuid = {57A0B105-9507-46AC-A408-6EE46043DFF0}
	EndGlobalSection
EndGlobal
